
Microsoft Visual Studio Solution File, Format Version 12.00
# Visual Studio Version 17
VisualStudioVersion = 17.4.33213.308
MinimumVisualStudioVersion = 10.0.40219.1
Project("{9A19103F-16F7-4668-BE54-9A1E7A4F7556}") = "Realta.Frontend", "Realta.Frontend\Realta.Frontend.csproj", "{56875969-C411-439B-B7AD-91FD326C3B85}"
EndProject
Project("{FAE04EC0-301F-11D3-BF4B-00C04F79EFBC}") = "Realta.Contract", "C:\Users\User\source\repos\HotelRealtaAPI\Realta.Contract\Realta.Contract.csproj", "{F17514EE-C840-458B-8037-939CD130B885}"
EndProject
Project("{FAE04EC0-301F-11D3-BF4B-00C04F79EFBC}") = "Realta.Domain", "C:\Users\User\source\repos\HotelRealtaAPI\Realta.Domain\Realta.Domain.csproj", "{01DEBB09-EEA4-4232-BF1C-7B00C952E57C}"
EndProject

Global
	GlobalSection(SolutionConfigurationPlatforms) = preSolution
		Debug|Any CPU = Debug|Any CPU
		Release|Any CPU = Release|Any CPU
	EndGlobalSection
	GlobalSection(ProjectConfigurationPlatforms) = postSolution
		{56875969-C411-439B-B7AD-91FD326C3B85}.Debug|Any CPU.ActiveCfg = Debug|Any CPU
		{56875969-C411-439B-B7AD-91FD326C3B85}.Debug|Any CPU.Build.0 = Debug|Any CPU
		{56875969-C411-439B-B7AD-91FD326C3B85}.Release|Any CPU.ActiveCfg = Release|Any CPU
		{56875969-C411-439B-B7AD-91FD326C3B85}.Release|Any CPU.Build.0 = Release|Any CPU
		{F17514EE-C840-458B-8037-939CD130B885}.Debug|Any CPU.ActiveCfg = Debug|Any CPU
		{F17514EE-C840-458B-8037-939CD130B885}.Debug|Any CPU.Build.0 = Debug|Any CPU
		{F17514EE-C840-458B-8037-939CD130B885}.Release|Any CPU.ActiveCfg = Release|Any CPU
		{F17514EE-C840-458B-8037-939CD130B885}.Release|Any CPU.Build.0 = Release|Any CPU
		{01DEBB09-EEA4-4232-BF1C-7B00C952E57C}.Debug|Any CPU.ActiveCfg = Debug|Any CPU
		{01DEBB09-EEA4-4232-BF1C-7B00C952E57C}.Debug|Any CPU.Build.0 = Debug|Any CPU
		{01DEBB09-EEA4-4232-BF1C-7B00C952E57C}.Release|Any CPU.ActiveCfg = Release|Any CPU
		{01DEBB09-EEA4-4232-BF1C-7B00C952E57C}.Release|Any CPU.Build.0 = Release|Any CPU
	EndGlobalSection
	GlobalSection(SolutionProperties) = preSolution
		HideSolutionNode = FALSE
	EndGlobalSection
	GlobalSection(ExtensibilityGlobals) = postSolution
		SolutionGuid = {4B411312-7E78-432A-A51E-1A23A27A85D1}
	EndGlobalSection
EndGlobal
