
Microsoft Visual Studio Solution File, Format Version 12.00
# Visual Studio Version 17
VisualStudioVersion = 17.4.33213.308
MinimumVisualStudioVersion = 10.0.40219.1
Project("{9A19103F-16F7-4668-BE54-9A1E7A4F7556}") = "Realta.Frontend", "Realta.Frontend\Realta.Frontend.csproj", "{56875969-C411-439B-B7AD-91FD326C3B85}"
EndProject
Project("{9A19103F-16F7-4668-BE54-9A1E7A4F7556}") = "Realta.Domain", "..\RealtaBookingWebAPI\Realta.Domain\Realta.Domain.csproj", "{F0334D1F-262F-4DBC-9B43-6B3E869EA111}"
EndProject
Project("{9A19103F-16F7-4668-BE54-9A1E7A4F7556}") = "Realta.Contract", "..\RealtaBookingWebAPI\Realta.Contract\Realta.Contract.csproj", "{5DA0A1B6-3756-4F8E-BDA9-31CC8734DAD6}"
EndProject
Global
	GlobalSection(SolutionConfigurationPlatforms) = preSolution
		Debug|Any CPU = Debug|Any CPU
		Release|Any CPU = Release|Any CPU
	EndGlobalSection
	GlobalSection(ProjectConfigurationPlatforms) = postSolution
		{56875969-C411-439B-B7AD-91FD326C3B85}.Debug|Any CPU.ActiveCfg = Debug|Any CPU
		{56875969-C411-439B-B7AD-91FD326C3B85}.Debug|Any CPU.Build.0 = Debug|Any CPU
		{56875969-C411-439B-B7AD-91FD326C3B85}.Release|Any CPU.ActiveCfg = Release|Any CPU
		{56875969-C411-439B-B7AD-91FD326C3B85}.Release|Any CPU.Build.0 = Release|Any CPU
		{F0334D1F-262F-4DBC-9B43-6B3E869EA111}.Debug|Any CPU.ActiveCfg = Debug|Any CPU
		{F0334D1F-262F-4DBC-9B43-6B3E869EA111}.Debug|Any CPU.Build.0 = Debug|Any CPU
		{F0334D1F-262F-4DBC-9B43-6B3E869EA111}.Release|Any CPU.ActiveCfg = Release|Any CPU
		{F0334D1F-262F-4DBC-9B43-6B3E869EA111}.Release|Any CPU.Build.0 = Release|Any CPU
		{5DA0A1B6-3756-4F8E-BDA9-31CC8734DAD6}.Debug|Any CPU.ActiveCfg = Debug|Any CPU
		{5DA0A1B6-3756-4F8E-BDA9-31CC8734DAD6}.Debug|Any CPU.Build.0 = Debug|Any CPU
		{5DA0A1B6-3756-4F8E-BDA9-31CC8734DAD6}.Release|Any CPU.ActiveCfg = Release|Any CPU
		{5DA0A1B6-3756-4F8E-BDA9-31CC8734DAD6}.Release|Any CPU.Build.0 = Release|Any CPU
	EndGlobalSection
	GlobalSection(SolutionProperties) = preSolution
		HideSolutionNode = FALSE
	EndGlobalSection
	GlobalSection(ExtensibilityGlobals) = postSolution
		SolutionGuid = {4B411312-7E78-432A-A51E-1A23A27A85D1}
	EndGlobalSection
EndGlobal
